// !$*UTF8*$!
{
	archiveVersion = 1;
	classes = {
	};
	objectVersion = 46;
	objects = {

/* Begin PBXBuildFile section */
		355A9D2317D0536F00BAFF5B /* Foundation.framework in Frameworks */ = {isa = PBXBuildFile; fileRef = 355A9D2217D0536F00BAFF5B /* Foundation.framework */; };
		355A9D2517D0536F00BAFF5B /* CoreGraphics.framework in Frameworks */ = {isa = PBXBuildFile; fileRef = 355A9D2417D0536F00BAFF5B /* CoreGraphics.framework */; };
		355A9D2717D0536F00BAFF5B /* UIKit.framework in Frameworks */ = {isa = PBXBuildFile; fileRef = 355A9D2617D0536F00BAFF5B /* UIKit.framework */; };
		355A9D2917D0536F00BAFF5B /* SpriteKit.framework in Frameworks */ = {isa = PBXBuildFile; fileRef = 355A9D2817D0536F00BAFF5B /* SpriteKit.framework */; };
		355A9D2F17D0536F00BAFF5B /* InfoPlist.strings in Resources */ = {isa = PBXBuildFile; fileRef = 355A9D2D17D0536F00BAFF5B /* InfoPlist.strings */; };
		355A9D3117D0536F00BAFF5B /* main.m in Sources */ = {isa = PBXBuildFile; fileRef = 355A9D3017D0536F00BAFF5B /* main.m */; };
		355A9D3517D0536F00BAFF5B /* AppDelegate.m in Sources */ = {isa = PBXBuildFile; fileRef = 355A9D3417D0536F00BAFF5B /* AppDelegate.m */; };
		355A9D3817D0536F00BAFF5B /* Main.storyboard in Resources */ = {isa = PBXBuildFile; fileRef = 355A9D3617D0536F00BAFF5B /* Main.storyboard */; };
		355A9D3B17D0536F00BAFF5B /* ViewController.m in Sources */ = {isa = PBXBuildFile; fileRef = 355A9D3A17D0536F00BAFF5B /* ViewController.m */; };
		355A9D3E17D0536F00BAFF5B /* MyScene.m in Sources */ = {isa = PBXBuildFile; fileRef = 355A9D3D17D0536F00BAFF5B /* MyScene.m */; };
		355A9D4017D0536F00BAFF5B /* Spaceship.png in Resources */ = {isa = PBXBuildFile; fileRef = 355A9D3F17D0536F00BAFF5B /* Spaceship.png */; };
		355A9D4217D0536F00BAFF5B /* Images.xcassets in Resources */ = {isa = PBXBuildFile; fileRef = 355A9D4117D0536F00BAFF5B /* Images.xcassets */; };
		355A9D4917D0536F00BAFF5B /* XCTest.framework in Frameworks */ = {isa = PBXBuildFile; fileRef = 355A9D4817D0536F00BAFF5B /* XCTest.framework */; };
		355A9D4A17D0536F00BAFF5B /* Foundation.framework in Frameworks */ = {isa = PBXBuildFile; fileRef = 355A9D2217D0536F00BAFF5B /* Foundation.framework */; };
		355A9D4B17D0536F00BAFF5B /* UIKit.framework in Frameworks */ = {isa = PBXBuildFile; fileRef = 355A9D2617D0536F00BAFF5B /* UIKit.framework */; };
		355A9D5317D0536F00BAFF5B /* InfoPlist.strings in Resources */ = {isa = PBXBuildFile; fileRef = 355A9D5117D0536F00BAFF5B /* InfoPlist.strings */; };
		355A9D5517D0536F00BAFF5B /* SpriteKitPhysicsTestTests.m in Sources */ = {isa = PBXBuildFile; fileRef = 355A9D5417D0536F00BAFF5B /* SpriteKitPhysicsTestTests.m */; };
		355A9D6417D0540A00BAFF5B /* circle.png in Resources */ = {isa = PBXBuildFile; fileRef = 355A9D5F17D0540A00BAFF5B /* circle.png */; };
		355A9D6517D0540A00BAFF5B /* octagon.png in Resources */ = {isa = PBXBuildFile; fileRef = 355A9D6017D0540A00BAFF5B /* octagon.png */; };
		355A9D6617D0540A00BAFF5B /* sand.png in Resources */ = {isa = PBXBuildFile; fileRef = 355A9D6117D0540A00BAFF5B /* sand.png */; };
		355A9D6717D0540A00BAFF5B /* square.png in Resources */ = {isa = PBXBuildFile; fileRef = 355A9D6217D0540A00BAFF5B /* square.png */; };
		355A9D6817D0540A00BAFF5B /* triangle.png in Resources */ = {isa = PBXBuildFile; fileRef = 355A9D6317D0540A00BAFF5B /* triangle.png */; };
/* End PBXBuildFile section */

/* Begin PBXContainerItemProxy section */
		355A9D4C17D0536F00BAFF5B /* PBXContainerItemProxy */ = {
			isa = PBXContainerItemProxy;
			containerPortal = 355A9D1717D0536F00BAFF5B /* Project object */;
			proxyType = 1;
			remoteGlobalIDString = 355A9D1E17D0536F00BAFF5B;
			remoteInfo = SpriteKitPhysicsTest;
		};
/* End PBXContainerItemProxy section */

/* Begin PBXFileReference section */
		355A9D1F17D0536F00BAFF5B /* SpriteKitPhysicsTest.app */ = {isa = PBXFileReference; explicitFileType = wrapper.application; includeInIndex = 0; path = SpriteKitPhysicsTest.app; sourceTree = BUILT_PRODUCTS_DIR; };
		355A9D2217D0536F00BAFF5B /* Foundation.framework */ = {isa = PBXFileReference; lastKnownFileType = wrapper.framework; name = Foundation.framework; path = System/Library/Frameworks/Foundation.framework; sourceTree = SDKROOT; };
		355A9D2417D0536F00BAFF5B /* CoreGraphics.framework */ = {isa = PBXFileReference; lastKnownFileType = wrapper.framework; name = CoreGraphics.framework; path = System/Library/Frameworks/CoreGraphics.framework; sourceTree = SDKROOT; };
		355A9D2617D0536F00BAFF5B /* UIKit.framework */ = {isa = PBXFileReference; lastKnownFileType = wrapper.framework; name = UIKit.framework; path = System/Library/Frameworks/UIKit.framework; sourceTree = SDKROOT; };
		355A9D2817D0536F00BAFF5B /* SpriteKit.framework */ = {isa = PBXFileReference; lastKnownFileType = wrapper.framework; name = SpriteKit.framework; path = System/Library/Frameworks/SpriteKit.framework; sourceTree = SDKROOT; };
		355A9D2C17D0536F00BAFF5B /* SpriteKitPhysicsTest-Info.plist */ = {isa = PBXFileReference; lastKnownFileType = text.plist.xml; path = "SpriteKitPhysicsTest-Info.plist"; sourceTree = "<group>"; };
		355A9D2E17D0536F00BAFF5B /* en */ = {isa = PBXFileReference; lastKnownFileType = text.plist.strings; name = en; path = en.lproj/InfoPlist.strings; sourceTree = "<group>"; };
		355A9D3017D0536F00BAFF5B /* main.m */ = {isa = PBXFileReference; lastKnownFileType = sourcecode.c.objc; path = main.m; sourceTree = "<group>"; };
		355A9D3217D0536F00BAFF5B /* SpriteKitPhysicsTest-Prefix.pch */ = {isa = PBXFileReference; lastKnownFileType = sourcecode.c.h; path = "SpriteKitPhysicsTest-Prefix.pch"; sourceTree = "<group>"; };
		355A9D3317D0536F00BAFF5B /* AppDelegate.h */ = {isa = PBXFileReference; lastKnownFileType = sourcecode.c.h; path = AppDelegate.h; sourceTree = "<group>"; };
		355A9D3417D0536F00BAFF5B /* AppDelegate.m */ = {isa = PBXFileReference; lastKnownFileType = sourcecode.c.objc; path = AppDelegate.m; sourceTree = "<group>"; };
		355A9D3717D0536F00BAFF5B /* Base */ = {isa = PBXFileReference; lastKnownFileType = file.storyboard; name = Base; path = Base.lproj/Main.storyboard; sourceTree = "<group>"; };
		355A9D3917D0536F00BAFF5B /* ViewController.h */ = {isa = PBXFileReference; lastKnownFileType = sourcecode.c.h; path = ViewController.h; sourceTree = "<group>"; };
		355A9D3A17D0536F00BAFF5B /* ViewController.m */ = {isa = PBXFileReference; lastKnownFileType = sourcecode.c.objc; path = ViewController.m; sourceTree = "<group>"; };
		355A9D3C17D0536F00BAFF5B /* MyScene.h */ = {isa = PBXFileReference; lastKnownFileType = sourcecode.c.h; path = MyScene.h; sourceTree = "<group>"; };
		355A9D3D17D0536F00BAFF5B /* MyScene.m */ = {isa = PBXFileReference; lastKnownFileType = sourcecode.c.objc; path = MyScene.m; sourceTree = "<group>"; };
		355A9D3F17D0536F00BAFF5B /* Spaceship.png */ = {isa = PBXFileReference; lastKnownFileType = image.png; path = Spaceship.png; sourceTree = "<group>"; };
		355A9D4117D0536F00BAFF5B /* Images.xcassets */ = {isa = PBXFileReference; lastKnownFileType = folder.assetcatalog; path = Images.xcassets; sourceTree = "<group>"; };
		355A9D4717D0536F00BAFF5B /* SpriteKitPhysicsTestTests.xctest */ = {isa = PBXFileReference; explicitFileType = wrapper.cfbundle; includeInIndex = 0; path = SpriteKitPhysicsTestTests.xctest; sourceTree = BUILT_PRODUCTS_DIR; };
		355A9D4817D0536F00BAFF5B /* XCTest.framework */ = {isa = PBXFileReference; lastKnownFileType = wrapper.framework; name = XCTest.framework; path = Library/Frameworks/XCTest.framework; sourceTree = DEVELOPER_DIR; };
		355A9D5017D0536F00BAFF5B /* SpriteKitPhysicsTestTests-Info.plist */ = {isa = PBXFileReference; lastKnownFileType = text.plist.xml; path = "SpriteKitPhysicsTestTests-Info.plist"; sourceTree = "<group>"; };
		355A9D5217D0536F00BAFF5B /* en */ = {isa = PBXFileReference; lastKnownFileType = text.plist.strings; name = en; path = en.lproj/InfoPlist.strings; sourceTree = "<group>"; };
		355A9D5417D0536F00BAFF5B /* SpriteKitPhysicsTestTests.m */ = {isa = PBXFileReference; lastKnownFileType = sourcecode.c.objc; path = SpriteKitPhysicsTestTests.m; sourceTree = "<group>"; };
		355A9D5F17D0540A00BAFF5B /* circle.png */ = {isa = PBXFileReference; lastKnownFileType = image.png; path = circle.png; sourceTree = "<group>"; };
		355A9D6017D0540A00BAFF5B /* octagon.png */ = {isa = PBXFileReference; lastKnownFileType = image.png; path = octagon.png; sourceTree = "<group>"; };
		355A9D6117D0540A00BAFF5B /* sand.png */ = {isa = PBXFileReference; lastKnownFileType = image.png; path = sand.png; sourceTree = "<group>"; };
		355A9D6217D0540A00BAFF5B /* square.png */ = {isa = PBXFileReference; lastKnownFileType = image.png; path = square.png; sourceTree = "<group>"; };
		355A9D6317D0540A00BAFF5B /* triangle.png */ = {isa = PBXFileReference; lastKnownFileType = image.png; path = triangle.png; sourceTree = "<group>"; };
/* End PBXFileReference section */

/* Begin PBXFrameworksBuildPhase section */
		355A9D1C17D0536F00BAFF5B /* Frameworks */ = {
			isa = PBXFrameworksBuildPhase;
			buildActionMask = 2147483647;
			files = (
				355A9D2517D0536F00BAFF5B /* CoreGraphics.framework in Frameworks */,
				355A9D2717D0536F00BAFF5B /* UIKit.framework in Frameworks */,
				355A9D2917D0536F00BAFF5B /* SpriteKit.framework in Frameworks */,
				355A9D2317D0536F00BAFF5B /* Foundation.framework in Frameworks */,
			);
			runOnlyForDeploymentPostprocessing = 0;
		};
		355A9D4417D0536F00BAFF5B /* Frameworks */ = {
			isa = PBXFrameworksBuildPhase;
			buildActionMask = 2147483647;
			files = (
				355A9D4917D0536F00BAFF5B /* XCTest.framework in Frameworks */,
				355A9D4B17D0536F00BAFF5B /* UIKit.framework in Frameworks */,
				355A9D4A17D0536F00BAFF5B /* Foundation.framework in Frameworks */,
			);
			runOnlyForDeploymentPostprocessing = 0;
		};
/* End PBXFrameworksBuildPhase section */

/* Begin PBXGroup section */
		355A9D1617D0536F00BAFF5B = {
			isa = PBXGroup;
			children = (
				355A9D2A17D0536F00BAFF5B /* SpriteKitPhysicsTest */,
				355A9D4E17D0536F00BAFF5B /* SpriteKitPhysicsTestTests */,
				355A9D2117D0536F00BAFF5B /* Frameworks */,
				355A9D2017D0536F00BAFF5B /* Products */,
			);
			sourceTree = "<group>";
		};
		355A9D2017D0536F00BAFF5B /* Products */ = {
			isa = PBXGroup;
			children = (
				355A9D1F17D0536F00BAFF5B /* SpriteKitPhysicsTest.app */,
				355A9D4717D0536F00BAFF5B /* SpriteKitPhysicsTestTests.xctest */,
			);
			name = Products;
			sourceTree = "<group>";
		};
		355A9D2117D0536F00BAFF5B /* Frameworks */ = {
			isa = PBXGroup;
			children = (
				355A9D2217D0536F00BAFF5B /* Foundation.framework */,
				355A9D2417D0536F00BAFF5B /* CoreGraphics.framework */,
				355A9D2617D0536F00BAFF5B /* UIKit.framework */,
				355A9D2817D0536F00BAFF5B /* SpriteKit.framework */,
				355A9D4817D0536F00BAFF5B /* XCTest.framework */,
			);
			name = Frameworks;
			sourceTree = "<group>";
		};
		355A9D2A17D0536F00BAFF5B /* SpriteKitPhysicsTest */ = {
			isa = PBXGroup;
			children = (
				355A9D5E17D0540A00BAFF5B /* Shapes */,
				355A9D3317D0536F00BAFF5B /* AppDelegate.h */,
				355A9D3417D0536F00BAFF5B /* AppDelegate.m */,
				355A9D3617D0536F00BAFF5B /* Main.storyboard */,
				355A9D3917D0536F00BAFF5B /* ViewController.h */,
				355A9D3A17D0536F00BAFF5B /* ViewController.m */,
				355A9D3C17D0536F00BAFF5B /* MyScene.h */,
				355A9D3D17D0536F00BAFF5B /* MyScene.m */,
				355A9D3F17D0536F00BAFF5B /* Spaceship.png */,
				355A9D4117D0536F00BAFF5B /* Images.xcassets */,
				355A9D2B17D0536F00BAFF5B /* Supporting Files */,
			);
			path = SpriteKitPhysicsTest;
			sourceTree = "<group>";
		};
		355A9D2B17D0536F00BAFF5B /* Supporting Files */ = {
			isa = PBXGroup;
			children = (
				355A9D2C17D0536F00BAFF5B /* SpriteKitPhysicsTest-Info.plist */,
				355A9D2D17D0536F00BAFF5B /* InfoPlist.strings */,
				355A9D3017D0536F00BAFF5B /* main.m */,
				355A9D3217D0536F00BAFF5B /* SpriteKitPhysicsTest-Prefix.pch */,
			);
			name = "Supporting Files";
			sourceTree = "<group>";
		};
		355A9D4E17D0536F00BAFF5B /* SpriteKitPhysicsTestTests */ = {
			isa = PBXGroup;
			children = (
				355A9D5417D0536F00BAFF5B /* SpriteKitPhysicsTestTests.m */,
				355A9D4F17D0536F00BAFF5B /* Supporting Files */,
			);
			path = SpriteKitPhysicsTestTests;
			sourceTree = "<group>";
		};
		355A9D4F17D0536F00BAFF5B /* Supporting Files */ = {
			isa = PBXGroup;
			children = (
				355A9D5017D0536F00BAFF5B /* SpriteKitPhysicsTestTests-Info.plist */,
				355A9D5117D0536F00BAFF5B /* InfoPlist.strings */,
			);
			name = "Supporting Files";
			sourceTree = "<group>";
		};
		355A9D5E17D0540A00BAFF5B /* Shapes */ = {
			isa = PBXGroup;
			children = (
				355A9D5F17D0540A00BAFF5B /* circle.png */,
				355A9D6017D0540A00BAFF5B /* octagon.png */,
				355A9D6117D0540A00BAFF5B /* sand.png */,
				355A9D6217D0540A00BAFF5B /* square.png */,
				355A9D6317D0540A00BAFF5B /* triangle.png */,
			);
			path = Shapes;
			sourceTree = "<group>";
		};
/* End PBXGroup section */

/* Begin PBXNativeTarget section */
		355A9D1E17D0536F00BAFF5B /* SpriteKitPhysicsTest */ = {
			isa = PBXNativeTarget;
			buildConfigurationList = 355A9D5817D0536F00BAFF5B /* Build configuration list for PBXNativeTarget "SpriteKitPhysicsTest" */;
			buildPhases = (
				355A9D1B17D0536F00BAFF5B /* Sources */,
				355A9D1C17D0536F00BAFF5B /* Frameworks */,
				355A9D1D17D0536F00BAFF5B /* Resources */,
			);
			buildRules = (
			);
			dependencies = (
			);
			name = SpriteKitPhysicsTest;
			productName = SpriteKitPhysicsTest;
			productReference = 355A9D1F17D0536F00BAFF5B /* SpriteKitPhysicsTest.app */;
			productType = "com.apple.product-type.application";
		};
		355A9D4617D0536F00BAFF5B /* SpriteKitPhysicsTestTests */ = {
			isa = PBXNativeTarget;
			buildConfigurationList = 355A9D5B17D0536F00BAFF5B /* Build configuration list for PBXNativeTarget "SpriteKitPhysicsTestTests" */;
			buildPhases = (
				355A9D4317D0536F00BAFF5B /* Sources */,
				355A9D4417D0536F00BAFF5B /* Frameworks */,
				355A9D4517D0536F00BAFF5B /* Resources */,
			);
			buildRules = (
			);
			dependencies = (
				355A9D4D17D0536F00BAFF5B /* PBXTargetDependency */,
			);
			name = SpriteKitPhysicsTestTests;
			productName = SpriteKitPhysicsTestTests;
			productReference = 355A9D4717D0536F00BAFF5B /* SpriteKitPhysicsTestTests.xctest */;
			productType = "com.apple.product-type.bundle.unit-test";
		};
/* End PBXNativeTarget section */

/* Begin PBXProject section */
		355A9D1717D0536F00BAFF5B /* Project object */ = {
			isa = PBXProject;
			attributes = {
				LastUpgradeCheck = 0500;
				ORGANIZATIONNAME = "Razeware LLC";
				TargetAttributes = {
					355A9D4617D0536F00BAFF5B = {
						TestTargetID = 355A9D1E17D0536F00BAFF5B;
					};
				};
			};
			buildConfigurationList = 355A9D1A17D0536F00BAFF5B /* Build configuration list for PBXProject "SpriteKitPhysicsTest" */;
			compatibilityVersion = "Xcode 3.2";
			developmentRegion = English;
			hasScannedForEncodings = 0;
			knownRegions = (
				en,
				Base,
			);
			mainGroup = 355A9D1617D0536F00BAFF5B;
			productRefGroup = 355A9D2017D0536F00BAFF5B /* Products */;
			projectDirPath = "";
			projectRoot = "";
			targets = (
				355A9D1E17D0536F00BAFF5B /* SpriteKitPhysicsTest */,
				355A9D4617D0536F00BAFF5B /* SpriteKitPhysicsTestTests */,
			);
		};
/* End PBXProject section */

/* Begin PBXResourcesBuildPhase section */
		355A9D1D17D0536F00BAFF5B /* Resources */ = {
			isa = PBXResourcesBuildPhase;
			buildActionMask = 2147483647;
			files = (
				355A9D2F17D0536F00BAFF5B /* InfoPlist.strings in Resources */,
				355A9D4217D0536F00BAFF5B /* Images.xcassets in Resources */,
				355A9D6617D0540A00BAFF5B /* sand.png in Resources */,
				355A9D6417D0540A00BAFF5B /* circle.png in Resources */,
				355A9D6817D0540A00BAFF5B /* triangle.png in Resources */,
				355A9D6517D0540A00BAFF5B /* octagon.png in Resources */,
				355A9D4017D0536F00BAFF5B /* Spaceship.png in Resources */,
				355A9D6717D0540A00BAFF5B /* square.png in Resources */,
				355A9D3817D0536F00BAFF5B /* Main.storyboard in Resources */,
			);
			runOnlyForDeploymentPostprocessing = 0;
		};
		355A9D4517D0536F00BAFF5B /* Resources */ = {
			isa = PBXResourcesBuildPhase;
			buildActionMask = 2147483647;
			files = (
				355A9D5317D0536F00BAFF5B /* InfoPlist.strings in Resources */,
			);
			runOnlyForDeploymentPostprocessing = 0;
		};
/* End PBXResourcesBuildPhase section */

/* Begin PBXSourcesBuildPhase section */
		355A9D1B17D0536F00BAFF5B /* Sources */ = {
			isa = PBXSourcesBuildPhase;
			buildActionMask = 2147483647;
			files = (
				355A9D3E17D0536F00BAFF5B /* MyScene.m in Sources */,
				355A9D3B17D0536F00BAFF5B /* ViewController.m in Sources */,
				355A9D3517D0536F00BAFF5B /* AppDelegate.m in Sources */,
				355A9D3117D0536F00BAFF5B /* main.m in Sources */,
			);
			runOnlyForDeploymentPostprocessing = 0;
		};
		355A9D4317D0536F00BAFF5B /* Sources */ = {
			isa = PBXSourcesBuildPhase;
			buildActionMask = 2147483647;
			files = (
				355A9D5517D0536F00BAFF5B /* SpriteKitPhysicsTestTests.m in Sources */,
			);
			runOnlyForDeploymentPostprocessing = 0;
		};
/* End PBXSourcesBuildPhase section */

/* Begin PBXTargetDependency section */
		355A9D4D17D0536F00BAFF5B /* PBXTargetDependency */ = {
			isa = PBXTargetDependency;
			target = 355A9D1E17D0536F00BAFF5B /* SpriteKitPhysicsTest */;
			targetProxy = 355A9D4C17D0536F00BAFF5B /* PBXContainerItemProxy */;
		};
/* End PBXTargetDependency section */

/* Begin PBXVariantGroup section */
		355A9D2D17D0536F00BAFF5B /* InfoPlist.strings */ = {
			isa = PBXVariantGroup;
			children = (
				355A9D2E17D0536F00BAFF5B /* en */,
			);
			name = InfoPlist.strings;
			sourceTree = "<group>";
		};
		355A9D3617D0536F00BAFF5B /* Main.storyboard */ = {
			isa = PBXVariantGroup;
			children = (
				355A9D3717D0536F00BAFF5B /* Base */,
			);
			name = Main.storyboard;
			sourceTree = "<group>";
		};
		355A9D5117D0536F00BAFF5B /* InfoPlist.strings */ = {
			isa = PBXVariantGroup;
			children = (
				355A9D5217D0536F00BAFF5B /* en */,
			);
			name = InfoPlist.strings;
			sourceTree = "<group>";
		};
/* End PBXVariantGroup section */

/* Begin XCBuildConfiguration section */
		355A9D5617D0536F00BAFF5B /* Debug */ = {
			isa = XCBuildConfiguration;
			buildSettings = {
				ALWAYS_SEARCH_USER_PATHS = NO;
				CLANG_CXX_LANGUAGE_STANDARD = "gnu++0x";
				CLANG_CXX_LIBRARY = "libc++";
				CLANG_ENABLE_MODULES = YES;
				CLANG_ENABLE_OBJC_ARC = YES;
				CLANG_WARN_BOOL_CONVERSION = YES;
				CLANG_WARN_CONSTANT_CONVERSION = YES;
				CLANG_WARN_DIRECT_OBJC_ISA_USAGE = YES_ERROR;
				CLANG_WARN_EMPTY_BODY = YES;
				CLANG_WARN_ENUM_CONVERSION = YES;
				CLANG_WARN_INT_CONVERSION = YES;
				CLANG_WARN_OBJC_ROOT_CLASS = YES_ERROR;
				CLANG_WARN__DUPLICATE_METHOD_MATCH = YES;
				"CODE_SIGN_IDENTITY[sdk=iphoneos*]" = "iPhone Developer";
				COPY_PHASE_STRIP = NO;
				GCC_C_LANGUAGE_STANDARD = gnu99;
				GCC_DYNAMIC_NO_PIC = NO;
				GCC_OPTIMIZATION_LEVEL = 0;
				GCC_PREPROCESSOR_DEFINITIONS = (
					"DEBUG=1",
					"$(inherited)",
				);
				GCC_SYMBOLS_PRIVATE_EXTERN = NO;
				GCC_WARN_ABOUT_RETURN_TYPE = YES_ERROR;
				GCC_WARN_UNDECLARED_SELECTOR = YES;
				GCC_WARN_UNINITIALIZED_AUTOS = YES;
				GCC_WARN_UNUSED_FUNCTION = YES;
				GCC_WARN_UNUSED_VARIABLE = YES;
				IPHONEOS_DEPLOYMENT_TARGET = 7.0;
				ONLY_ACTIVE_ARCH = YES;
				SDKROOT = iphoneos;
			};
			name = Debug;
		};
		355A9D5717D0536F00BAFF5B /* Release */ = {
			isa = XCBuildConfiguration;
			buildSettings = {
				ALWAYS_SEARCH_USER_PATHS = NO;
				CLANG_CXX_LANGUAGE_STANDARD = "gnu++0x";
				CLANG_CXX_LIBRARY = "libc++";
				CLANG_ENABLE_MODULES = YES;
				CLANG_ENABLE_OBJC_ARC = YES;
				CLANG_WARN_BOOL_CONVERSION = YES;
				CLANG_WARN_CONSTANT_CONVERSION = YES;
				CLANG_WARN_DIRECT_OBJC_ISA_USAGE = YES_ERROR;
				CLANG_WARN_EMPTY_BODY = YES;
				CLANG_WARN_ENUM_CONVERSION = YES;
				CLANG_WARN_INT_CONVERSION = YES;
				CLANG_WARN_OBJC_ROOT_CLASS = YES_ERROR;
				CLANG_WARN__DUPLICATE_METHOD_MATCH = YES;
				"CODE_SIGN_IDENTITY[sdk=iphoneos*]" = "iPhone Developer";
				COPY_PHASE_STRIP = YES;
				ENABLE_NS_ASSERTIONS = NO;
				GCC_C_LANGUAGE_STANDARD = gnu99;
				GCC_WARN_ABOUT_RETURN_TYPE = YES_ERROR;
				GCC_WARN_UNDECLARED_SELECTOR = YES;
				GCC_WARN_UNINITIALIZED_AUTOS = YES;
				GCC_WARN_UNUSED_FUNCTION = YES;
				GCC_WARN_UNUSED_VARIABLE = YES;
				IPHONEOS_DEPLOYMENT_TARGET = 7.0;
				SDKROOT = iphoneos;
				VALIDATE_PRODUCT = YES;
			};
			name = Release;
		};
		355A9D5917D0536F00BAFF5B /* Debug */ = {
			isa = XCBuildConfiguration;
			buildSettings = {
				ASSETCATALOG_COMPILER_APPICON_NAME = AppIcon;
				ASSETCATALOG_COMPILER_LAUNCHIMAGE_NAME = LaunchImage;
				GCC_PRECOMPILE_PREFIX_HEADER = YES;
				GCC_PREFIX_HEADER = "SpriteKitPhysicsTest/SpriteKitPhysicsTest-Prefix.pch";
				INFOPLIST_FILE = "SpriteKitPhysicsTest/SpriteKitPhysicsTest-Info.plist";
				PRODUCT_NAME = "$(TARGET_NAME)";
				SPRITEKIT_TEXTURE_ATLAS_OUTPUT = YES;
				WRAPPER_EXTENSION = app;
			};
			name = Debug;
		};
		355A9D5A17D0536F00BAFF5B /* Release */ = {
			isa = XCBuildConfiguration;
			buildSettings = {
				ASSETCATALOG_COMPILER_APPICON_NAME = AppIcon;
				ASSETCATALOG_COMPILER_LAUNCHIMAGE_NAME = LaunchImage;
				GCC_PRECOMPILE_PREFIX_HEADER = YES;
				GCC_PREFIX_HEADER = "SpriteKitPhysicsTest/SpriteKitPhysicsTest-Prefix.pch";
				INFOPLIST_FILE = "SpriteKitPhysicsTest/SpriteKitPhysicsTest-Info.plist";
				PRODUCT_NAME = "$(TARGET_NAME)";
				SPRITEKIT_TEXTURE_ATLAS_OUTPUT = YES;
				WRAPPER_EXTENSION = app;
			};
			name = Release;
		};
		355A9D5C17D0536F00BAFF5B /* Debug */ = {
			isa = XCBuildConfiguration;
			buildSettings = {
				BUNDLE_LOADER = "$(BUILT_PRODUCTS_DIR)/SpriteKitPhysicsTest.app/SpriteKitPhysicsTest";
				FRAMEWORK_SEARCH_PATHS = (
					"$(SDKROOT)/Developer/Library/Frameworks",
					"$(inherited)",
					"$(DEVELOPER_FRAMEWORKS_DIR)",
				);
				GCC_PRECOMPILE_PREFIX_HEADER = YES;
				GCC_PREFIX_HEADER = "SpriteKitPhysicsTest/SpriteKitPhysicsTest-Prefix.pch";
				GCC_PREPROCESSOR_DEFINITIONS = (
					"DEBUG=1",
					"$(inherited)",
				);
				INFOPLIST_FILE = "SpriteKitPhysicsTestTests/SpriteKitPhysicsTestTests-Info.plist";
				PRODUCT_NAME = "$(TARGET_NAME)";
				TEST_HOST = "$(BUNDLE_LOADER)";
				WRAPPER_EXTENSION = xctest;
			};
			name = Debug;
		};
		355A9D5D17D0536F00BAFF5B /* Release */ = {
			isa = XCBuildConfiguration;
			buildSettings = {
				BUNDLE_LOADER = "$(BUILT_PRODUCTS_DIR)/SpriteKitPhysicsTest.app/SpriteKitPhysicsTest";
				FRAMEWORK_SEARCH_PATHS = (
					"$(SDKROOT)/Developer/Library/Frameworks",
					"$(inherited)",
					"$(DEVELOPER_FRAMEWORKS_DIR)",
				);
				GCC_PRECOMPILE_PREFIX_HEADER = YES;
				GCC_PREFIX_HEADER = "SpriteKitPhysicsTest/SpriteKitPhysicsTest-Prefix.pch";
				INFOPLIST_FILE = "SpriteKitPhysicsTestTests/SpriteKitPhysicsTestTests-Info.plist";
				PRODUCT_NAME = "$(TARGET_NAME)";
				TEST_HOST = "$(BUNDLE_LOADER)";
				WRAPPER_EXTENSION = xctest;
			};
			name = Release;
		};
/* End XCBuildConfiguration section */

/* Begin XCConfigurationList section */
		355A9D1A17D0536F00BAFF5B /* Build configuration list for PBXProject "SpriteKitPhysicsTest" */ = {
			isa = XCConfigurationList;
			buildConfigurations = (
				355A9D5617D0536F00BAFF5B /* Debug */,
				355A9D5717D0536F00BAFF5B /* Release */,
			);
			defaultConfigurationIsVisible = 0;
			defaultConfigurationName = Release;
		};
		355A9D5817D0536F00BAFF5B /* Build configuration list for PBXNativeTarget "SpriteKitPhysicsTest" */ = {
			isa = XCConfigurationList;
			buildConfigurations = (
				355A9D5917D0536F00BAFF5B /* Debug */,
				355A9D5A17D0536F00BAFF5B /* Release */,
			);
			defaultConfigurationIsVisible = 0;
		};
		355A9D5B17D0536F00BAFF5B /* Build configuration list for PBXNativeTarget "SpriteKitPhysicsTestTests" */ = {
			isa = XCConfigurationList;
			buildConfigurations = (
				355A9D5C17D0536F00BAFF5B /* Debug */,
				355A9D5D17D0536F00BAFF5B /* Release */,
			);
			defaultConfigurationIsVisible = 0;
		};
/* End XCConfigurationList section */
	};
	rootObject = 355A9D1717D0536F00BAFF5B /* Project object */;
}
